
Microsoft Visual Studio Solution File, Format Version 12.00
# Visual Studio Version 17
VisualStudioVersion = 17.4.33213.308
MinimumVisualStudioVersion = 10.0.40219.1
Project("{9A19103F-16F7-4668-BE54-9A1E7A4F7556}") = "Orange.Sample.Web", "Orange.Sample.Web\Orange.Sample.Web.csproj", "{5419FB4E-8E77-48D2-B847-366C4FCFF8F2}"
EndProject
Project("{9A19103F-16F7-4668-BE54-9A1E7A4F7556}") = "Orange.Common.Helper", "..\Orange.Common\Orange.Common.Helper\Orange.Common.Helper.csproj", "{9DD537B5-3FB1-43AC-A38C-82049838156B}"
EndProject
Global
	GlobalSection(SolutionConfigurationPlatforms) = preSolution
		Debug|Any CPU = Debug|Any CPU
		Release|Any CPU = Release|Any CPU
	EndGlobalSection
	GlobalSection(ProjectConfigurationPlatforms) = postSolution
		{5419FB4E-8E77-48D2-B847-366C4FCFF8F2}.Debug|Any CPU.ActiveCfg = Debug|Any CPU
		{5419FB4E-8E77-48D2-B847-366C4FCFF8F2}.Debug|Any CPU.Build.0 = Debug|Any CPU
		{5419FB4E-8E77-48D2-B847-366C4FCFF8F2}.Release|Any CPU.ActiveCfg = Release|Any CPU
		{5419FB4E-8E77-48D2-B847-366C4FCFF8F2}.Release|Any CPU.Build.0 = Release|Any CPU
		{9DD537B5-3FB1-43AC-A38C-82049838156B}.Debug|Any CPU.ActiveCfg = Debug|Any CPU
		{9DD537B5-3FB1-43AC-A38C-82049838156B}.Debug|Any CPU.Build.0 = Debug|Any CPU
		{9DD537B5-3FB1-43AC-A38C-82049838156B}.Release|Any CPU.ActiveCfg = Release|Any CPU
		{9DD537B5-3FB1-43AC-A38C-82049838156B}.Release|Any CPU.Build.0 = Release|Any CPU
	EndGlobalSection
	GlobalSection(SolutionProperties) = preSolution
		HideSolutionNode = FALSE
	EndGlobalSection
	GlobalSection(ExtensibilityGlobals) = postSolution
		SolutionGuid = {5B119304-48AF-4C9B-A756-788BBF4D69FE}
	EndGlobalSection
EndGlobal
